
Microsoft Visual Studio Solution File, Format Version 12.00
# Visual Studio 15
VisualStudioVersion = 15.0.27703.2042
MinimumVisualStudioVersion = 10.0.40219.1
Project("{FAE04EC0-301F-11D3-BF4B-00C04F79EFBC}") = "hesgcFunctionApp", "hesgcFunctionApp\hesgcFunctionApp.csproj", "{B7A22381-1872-4A6C-BD5E-273F6C483C6A}"
EndProject
Global
	GlobalSection(SolutionConfigurationPlatforms) = preSolution
		Debug|Any CPU = Debug|Any CPU
		Release|Any CPU = Release|Any CPU
	EndGlobalSection
	GlobalSection(ProjectConfigurationPlatforms) = postSolution
		{B7A22381-1872-4A6C-BD5E-273F6C483C6A}.Debug|Any CPU.ActiveCfg = Debug|Any CPU
		{B7A22381-1872-4A6C-BD5E-273F6C483C6A}.Debug|Any CPU.Build.0 = Debug|Any CPU
		{B7A22381-1872-4A6C-BD5E-273F6C483C6A}.Release|Any CPU.ActiveCfg = Release|Any CPU
		{B7A22381-1872-4A6C-BD5E-273F6C483C6A}.Release|Any CPU.Build.0 = Release|Any CPU
	EndGlobalSection
	GlobalSection(SolutionProperties) = preSolution
		HideSolutionNode = FALSE
	EndGlobalSection
	GlobalSection(ExtensibilityGlobals) = postSolution
		SolutionGuid = {E7E6A600-FD54-49E7-8039-8673C8C6F265}
	EndGlobalSection
EndGlobal
